# @generated by Move, please check-in and do not edit manually.

[move]
version = 3
manifest_digest = "148214573CD4491730217CFC2701DF0F774CF9654686C6FD50ED89ECF8643CC5"
deps_digest = "F8BBB0CCB2491CA29A3DF03D6F92277A4F3574266507ACD77214D37ECA3F3082"
dependencies = [
  { id = "Iota", name = "Iota" },
]

[[move.package]]
id = "Iota"
source = { git = "https://github.com/iotaledger/iota.git", rev = "devnet", subdir = "crates/iota-framework/packages/iota-framework" }

dependencies = [
  { id = "MoveStdlib", name = "MoveStdlib" },
]

[[move.package]]
id = "MoveStdlib"
source = { git = "https://github.com/iotaledger/iota.git", rev = "devnet", subdir = "crates/iota-framework/packages/move-stdlib" }

[move.toolchain-version]
compiler-version = "1.12.0-rc"
edition = "2024"
flavor = "iota"

[env]

[env.testnet]
chain-id = "2304aa97"
original-published-id = "0xbb0936af28a0e5bb4079cebbdb604ab9fdd84163f453fb8fe103f6fe6c164008"
latest-published-id = "0xbb0936af28a0e5bb4079cebbdb604ab9fdd84163f453fb8fe103f6fe6c164008"
published-version = "1"

[env.devnet]
chain-id = "e678123a"
original-published-id = "0xa049332b836855cda28e3fba747385d8cbd785042e96595e2607dac575bd62b8"
latest-published-id = "0xa049332b836855cda28e3fba747385d8cbd785042e96595e2607dac575bd62b8"
published-version = "1"

